// !$*UTF8*$!
{
	archiveVersion = 1;
	classes = {
	};
	objectVersion = 46;
	objects = {

/* Begin PBXBuildFile section */
		D2426BBD194AD97B00CB7AA5 /* Foundation.framework in Frameworks */ = {isa = PBXBuildFile; fileRef = D2426BBC194AD97B00CB7AA5 /* Foundation.framework */; };
		D2426BBF194AD97B00CB7AA5 /* CoreGraphics.framework in Frameworks */ = {isa = PBXBuildFile; fileRef = D2426BBE194AD97B00CB7AA5 /* CoreGraphics.framework */; };
		D2426BC1194AD97B00CB7AA5 /* UIKit.framework in Frameworks */ = {isa = PBXBuildFile; fileRef = D2426BC0194AD97B00CB7AA5 /* UIKit.framework */; };
		D2426BC7194AD97B00CB7AA5 /* InfoPlist.strings in Resources */ = {isa = PBXBuildFile; fileRef = D2426BC5194AD97B00CB7AA5 /* InfoPlist.strings */; };
		D2426BC9194AD97B00CB7AA5 /* main.m in Sources */ = {isa = PBXBuildFile; fileRef = D2426BC8194AD97B00CB7AA5 /* main.m */; };
		D2426BCD194AD97B00CB7AA5 /* AppDelegate.m in Sources */ = {isa = PBXBuildFile; fileRef = D2426BCC194AD97B00CB7AA5 /* AppDelegate.m */; };
		D2426BD0194AD97B00CB7AA5 /* Main.storyboard in Resources */ = {isa = PBXBuildFile; fileRef = D2426BCE194AD97B00CB7AA5 /* Main.storyboard */; };
		D2426BD3194AD97B00CB7AA5 /* ViewController.m in Sources */ = {isa = PBXBuildFile; fileRef = D2426BD2194AD97B00CB7AA5 /* ViewController.m */; };
		D2426BD5194AD97B00CB7AA5 /* Images.xcassets in Resources */ = {isa = PBXBuildFile; fileRef = D2426BD4194AD97B00CB7AA5 /* Images.xcassets */; };
		D2426BDC194AD97B00CB7AA5 /* XCTest.framework in Frameworks */ = {isa = PBXBuildFile; fileRef = D2426BDB194AD97B00CB7AA5 /* XCTest.framework */; };
		D2426BDD194AD97B00CB7AA5 /* Foundation.framework in Frameworks */ = {isa = PBXBuildFile; fileRef = D2426BBC194AD97B00CB7AA5 /* Foundation.framework */; };
		D2426BDE194AD97B00CB7AA5 /* UIKit.framework in Frameworks */ = {isa = PBXBuildFile; fileRef = D2426BC0194AD97B00CB7AA5 /* UIKit.framework */; };
		D2426BE6194AD97B00CB7AA5 /* InfoPlist.strings in Resources */ = {isa = PBXBuildFile; fileRef = D2426BE4194AD97B00CB7AA5 /* InfoPlist.strings */; };
		D2426BE8194AD97B00CB7AA5 /* PNTestTests.m in Sources */ = {isa = PBXBuildFile; fileRef = D2426BE7194AD97B00CB7AA5 /* PNTestTests.m */; };
/* End PBXBuildFile section */

/* Begin PBXContainerItemProxy section */
		D2426BDF194AD97B00CB7AA5 /* PBXContainerItemProxy */ = {
			isa = PBXContainerItemProxy;
			containerPortal = D2426BB1194AD97B00CB7AA5 /* Project object */;
			proxyType = 1;
			remoteGlobalIDString = D2426BB8194AD97B00CB7AA5;
			remoteInfo = PNTest;
		};
/* End PBXContainerItemProxy section */

/* Begin PBXFileReference section */
		D2426BB9194AD97B00CB7AA5 /* PNTest.app */ = {isa = PBXFileReference; explicitFileType = wrapper.application; includeInIndex = 0; path = PNTest.app; sourceTree = BUILT_PRODUCTS_DIR; };
		D2426BBC194AD97B00CB7AA5 /* Foundation.framework */ = {isa = PBXFileReference; lastKnownFileType = wrapper.framework; name = Foundation.framework; path = System/Library/Frameworks/Foundation.framework; sourceTree = SDKROOT; };
		D2426BBE194AD97B00CB7AA5 /* CoreGraphics.framework */ = {isa = PBXFileReference; lastKnownFileType = wrapper.framework; name = CoreGraphics.framework; path = System/Library/Frameworks/CoreGraphics.framework; sourceTree = SDKROOT; };
		D2426BC0194AD97B00CB7AA5 /* UIKit.framework */ = {isa = PBXFileReference; lastKnownFileType = wrapper.framework; name = UIKit.framework; path = System/Library/Frameworks/UIKit.framework; sourceTree = SDKROOT; };
		D2426BC4194AD97B00CB7AA5 /* PNTest-Info.plist */ = {isa = PBXFileReference; lastKnownFileType = text.plist.xml; path = "PNTest-Info.plist"; sourceTree = "<group>"; };
		D2426BC6194AD97B00CB7AA5 /* en */ = {isa = PBXFileReference; lastKnownFileType = text.plist.strings; name = en; path = en.lproj/InfoPlist.strings; sourceTree = "<group>"; };
		D2426BC8194AD97B00CB7AA5 /* main.m */ = {isa = PBXFileReference; lastKnownFileType = sourcecode.c.objc; path = main.m; sourceTree = "<group>"; };
		D2426BCA194AD97B00CB7AA5 /* PNTest-Prefix.pch */ = {isa = PBXFileReference; lastKnownFileType = sourcecode.c.h; path = "PNTest-Prefix.pch"; sourceTree = "<group>"; };
		D2426BCB194AD97B00CB7AA5 /* AppDelegate.h */ = {isa = PBXFileReference; lastKnownFileType = sourcecode.c.h; path = AppDelegate.h; sourceTree = "<group>"; };
		D2426BCC194AD97B00CB7AA5 /* AppDelegate.m */ = {isa = PBXFileReference; lastKnownFileType = sourcecode.c.objc; path = AppDelegate.m; sourceTree = "<group>"; };
		D2426BCF194AD97B00CB7AA5 /* Base */ = {isa = PBXFileReference; lastKnownFileType = file.storyboard; name = Base; path = Base.lproj/Main.storyboard; sourceTree = "<group>"; };
		D2426BD1194AD97B00CB7AA5 /* ViewController.h */ = {isa = PBXFileReference; lastKnownFileType = sourcecode.c.h; path = ViewController.h; sourceTree = "<group>"; };
		D2426BD2194AD97B00CB7AA5 /* ViewController.m */ = {isa = PBXFileReference; lastKnownFileType = sourcecode.c.objc; path = ViewController.m; sourceTree = "<group>"; };
		D2426BD4194AD97B00CB7AA5 /* Images.xcassets */ = {isa = PBXFileReference; lastKnownFileType = folder.assetcatalog; path = Images.xcassets; sourceTree = "<group>"; };
		D2426BDA194AD97B00CB7AA5 /* PNTestTests.xctest */ = {isa = PBXFileReference; explicitFileType = wrapper.cfbundle; includeInIndex = 0; path = PNTestTests.xctest; sourceTree = BUILT_PRODUCTS_DIR; };
		D2426BDB194AD97B00CB7AA5 /* XCTest.framework */ = {isa = PBXFileReference; lastKnownFileType = wrapper.framework; name = XCTest.framework; path = Library/Frameworks/XCTest.framework; sourceTree = DEVELOPER_DIR; };
		D2426BE3194AD97B00CB7AA5 /* PNTestTests-Info.plist */ = {isa = PBXFileReference; lastKnownFileType = text.plist.xml; path = "PNTestTests-Info.plist"; sourceTree = "<group>"; };
		D2426BE5194AD97B00CB7AA5 /* en */ = {isa = PBXFileReference; lastKnownFileType = text.plist.strings; name = en; path = en.lproj/InfoPlist.strings; sourceTree = "<group>"; };
		D2426BE7194AD97B00CB7AA5 /* PNTestTests.m */ = {isa = PBXFileReference; lastKnownFileType = sourcecode.c.objc; path = PNTestTests.m; sourceTree = "<group>"; };
/* End PBXFileReference section */

/* Begin PBXFrameworksBuildPhase section */
		D2426BB6194AD97B00CB7AA5 /* Frameworks */ = {
			isa = PBXFrameworksBuildPhase;
			buildActionMask = 2147483647;
			files = (
				D2426BBF194AD97B00CB7AA5 /* CoreGraphics.framework in Frameworks */,
				D2426BC1194AD97B00CB7AA5 /* UIKit.framework in Frameworks */,
				D2426BBD194AD97B00CB7AA5 /* Foundation.framework in Frameworks */,
			);
			runOnlyForDeploymentPostprocessing = 0;
		};
		D2426BD7194AD97B00CB7AA5 /* Frameworks */ = {
			isa = PBXFrameworksBuildPhase;
			buildActionMask = 2147483647;
			files = (
				D2426BDC194AD97B00CB7AA5 /* XCTest.framework in Frameworks */,
				D2426BDE194AD97B00CB7AA5 /* UIKit.framework in Frameworks */,
				D2426BDD194AD97B00CB7AA5 /* Foundation.framework in Frameworks */,
			);
			runOnlyForDeploymentPostprocessing = 0;
		};
/* End PBXFrameworksBuildPhase section */

/* Begin PBXGroup section */
		D2426BB0194AD97B00CB7AA5 = {
			isa = PBXGroup;
			children = (
				D2426BC2194AD97B00CB7AA5 /* PNTest */,
				D2426BE1194AD97B00CB7AA5 /* PNTestTests */,
				D2426BBB194AD97B00CB7AA5 /* Frameworks */,
				D2426BBA194AD97B00CB7AA5 /* Products */,
			);
			sourceTree = "<group>";
		};
		D2426BBA194AD97B00CB7AA5 /* Products */ = {
			isa = PBXGroup;
			children = (
				D2426BB9194AD97B00CB7AA5 /* PNTest.app */,
				D2426BDA194AD97B00CB7AA5 /* PNTestTests.xctest */,
			);
			name = Products;
			sourceTree = "<group>";
		};
		D2426BBB194AD97B00CB7AA5 /* Frameworks */ = {
			isa = PBXGroup;
			children = (
				D2426BBC194AD97B00CB7AA5 /* Foundation.framework */,
				D2426BBE194AD97B00CB7AA5 /* CoreGraphics.framework */,
				D2426BC0194AD97B00CB7AA5 /* UIKit.framework */,
				D2426BDB194AD97B00CB7AA5 /* XCTest.framework */,
			);
			name = Frameworks;
			sourceTree = "<group>";
		};
		D2426BC2194AD97B00CB7AA5 /* PNTest */ = {
			isa = PBXGroup;
			children = (
				D2426BCB194AD97B00CB7AA5 /* AppDelegate.h */,
				D2426BCC194AD97B00CB7AA5 /* AppDelegate.m */,
				D2426BCE194AD97B00CB7AA5 /* Main.storyboard */,
				D2426BD1194AD97B00CB7AA5 /* ViewController.h */,
				D2426BD2194AD97B00CB7AA5 /* ViewController.m */,
				D2426BD4194AD97B00CB7AA5 /* Images.xcassets */,
				D2426BC3194AD97B00CB7AA5 /* Supporting Files */,
			);
			path = PNTest;
			sourceTree = "<group>";
		};
		D2426BC3194AD97B00CB7AA5 /* Supporting Files */ = {
			isa = PBXGroup;
			children = (
				D2426BC4194AD97B00CB7AA5 /* PNTest-Info.plist */,
				D2426BC5194AD97B00CB7AA5 /* InfoPlist.strings */,
				D2426BC8194AD97B00CB7AA5 /* main.m */,
				D2426BCA194AD97B00CB7AA5 /* PNTest-Prefix.pch */,
			);
			name = "Supporting Files";
			sourceTree = "<group>";
		};
		D2426BE1194AD97B00CB7AA5 /* PNTestTests */ = {
			isa = PBXGroup;
			children = (
				D2426BE7194AD97B00CB7AA5 /* PNTestTests.m */,
				D2426BE2194AD97B00CB7AA5 /* Supporting Files */,
			);
			path = PNTestTests;
			sourceTree = "<group>";
		};
		D2426BE2194AD97B00CB7AA5 /* Supporting Files */ = {
			isa = PBXGroup;
			children = (
				D2426BE3194AD97B00CB7AA5 /* PNTestTests-Info.plist */,
				D2426BE4194AD97B00CB7AA5 /* InfoPlist.strings */,
			);
			name = "Supporting Files";
			sourceTree = "<group>";
		};
/* End PBXGroup section */

/* Begin PBXNativeTarget section */
		D2426BB8194AD97B00CB7AA5 /* PNTest */ = {
			isa = PBXNativeTarget;
			buildConfigurationList = D2426BEB194AD97B00CB7AA5 /* Build configuration list for PBXNativeTarget "PNTest" */;
			buildPhases = (
				D2426BB5194AD97B00CB7AA5 /* Sources */,
				D2426BB6194AD97B00CB7AA5 /* Frameworks */,
				D2426BB7194AD97B00CB7AA5 /* Resources */,
			);
			buildRules = (
			);
			dependencies = (
			);
			name = PNTest;
			productName = PNTest;
			productReference = D2426BB9194AD97B00CB7AA5 /* PNTest.app */;
			productType = "com.apple.product-type.application";
		};
		D2426BD9194AD97B00CB7AA5 /* PNTestTests */ = {
			isa = PBXNativeTarget;
			buildConfigurationList = D2426BEE194AD97B00CB7AA5 /* Build configuration list for PBXNativeTarget "PNTestTests" */;
			buildPhases = (
				D2426BD6194AD97B00CB7AA5 /* Sources */,
				D2426BD7194AD97B00CB7AA5 /* Frameworks */,
				D2426BD8194AD97B00CB7AA5 /* Resources */,
			);
			buildRules = (
			);
			dependencies = (
				D2426BE0194AD97B00CB7AA5 /* PBXTargetDependency */,
			);
			name = PNTestTests;
			productName = PNTestTests;
			productReference = D2426BDA194AD97B00CB7AA5 /* PNTestTests.xctest */;
			productType = "com.apple.product-type.bundle.unit-test";
		};
/* End PBXNativeTarget section */

/* Begin PBXProject section */
		D2426BB1194AD97B00CB7AA5 /* Project object */ = {
			isa = PBXProject;
			attributes = {
				LastUpgradeCheck = 0510;
				ORGANIZATIONNAME = "ATC International";
				TargetAttributes = {
					D2426BD9194AD97B00CB7AA5 = {
						TestTargetID = D2426BB8194AD97B00CB7AA5;
					};
				};
			};
			buildConfigurationList = D2426BB4194AD97B00CB7AA5 /* Build configuration list for PBXProject "PNTest" */;
			compatibilityVersion = "Xcode 3.2";
			developmentRegion = English;
			hasScannedForEncodings = 0;
			knownRegions = (
				en,
				Base,
			);
			mainGroup = D2426BB0194AD97B00CB7AA5;
			productRefGroup = D2426BBA194AD97B00CB7AA5 /* Products */;
			projectDirPath = "";
			projectRoot = "";
			targets = (
				D2426BB8194AD97B00CB7AA5 /* PNTest */,
				D2426BD9194AD97B00CB7AA5 /* PNTestTests */,
			);
		};
/* End PBXProject section */

/* Begin PBXResourcesBuildPhase section */
		D2426BB7194AD97B00CB7AA5 /* Resources */ = {
			isa = PBXResourcesBuildPhase;
			buildActionMask = 2147483647;
			files = (
				D2426BD5194AD97B00CB7AA5 /* Images.xcassets in Resources */,
				D2426BC7194AD97B00CB7AA5 /* InfoPlist.strings in Resources */,
				D2426BD0194AD97B00CB7AA5 /* Main.storyboard in Resources */,
			);
			runOnlyForDeploymentPostprocessing = 0;
		};
		D2426BD8194AD97B00CB7AA5 /* Resources */ = {
			isa = PBXResourcesBuildPhase;
			buildActionMask = 2147483647;
			files = (
				D2426BE6194AD97B00CB7AA5 /* InfoPlist.strings in Resources */,
			);
			runOnlyForDeploymentPostprocessing = 0;
		};
/* End PBXResourcesBuildPhase section */

/* Begin PBXSourcesBuildPhase section */
		D2426BB5194AD97B00CB7AA5 /* Sources */ = {
			isa = PBXSourcesBuildPhase;
			buildActionMask = 2147483647;
			files = (
				D2426BD3194AD97B00CB7AA5 /* ViewController.m in Sources */,
				D2426BCD194AD97B00CB7AA5 /* AppDelegate.m in Sources */,
				D2426BC9194AD97B00CB7AA5 /* main.m in Sources */,
			);
			runOnlyForDeploymentPostprocessing = 0;
		};
		D2426BD6194AD97B00CB7AA5 /* Sources */ = {
			isa = PBXSourcesBuildPhase;
			buildActionMask = 2147483647;
			files = (
				D2426BE8194AD97B00CB7AA5 /* PNTestTests.m in Sources */,
			);
			runOnlyForDeploymentPostprocessing = 0;
		};
/* End PBXSourcesBuildPhase section */

/* Begin PBXTargetDependency section */
		D2426BE0194AD97B00CB7AA5 /* PBXTargetDependency */ = {
			isa = PBXTargetDependency;
			target = D2426BB8194AD97B00CB7AA5 /* PNTest */;
			targetProxy = D2426BDF194AD97B00CB7AA5 /* PBXContainerItemProxy */;
		};
/* End PBXTargetDependency section */

/* Begin PBXVariantGroup section */
		D2426BC5194AD97B00CB7AA5 /* InfoPlist.strings */ = {
			isa = PBXVariantGroup;
			children = (
				D2426BC6194AD97B00CB7AA5 /* en */,
			);
			name = InfoPlist.strings;
			sourceTree = "<group>";
		};
		D2426BCE194AD97B00CB7AA5 /* Main.storyboard */ = {
			isa = PBXVariantGroup;
			children = (
				D2426BCF194AD97B00CB7AA5 /* Base */,
			);
			name = Main.storyboard;
			sourceTree = "<group>";
		};
		D2426BE4194AD97B00CB7AA5 /* InfoPlist.strings */ = {
			isa = PBXVariantGroup;
			children = (
				D2426BE5194AD97B00CB7AA5 /* en */,
			);
			name = InfoPlist.strings;
			sourceTree = "<group>";
		};
/* End PBXVariantGroup section */

/* Begin XCBuildConfiguration section */
		D2426BE9194AD97B00CB7AA5 /* Debug */ = {
			isa = XCBuildConfiguration;
			buildSettings = {
				ALWAYS_SEARCH_USER_PATHS = NO;
				CLANG_CXX_LANGUAGE_STANDARD = "gnu++0x";
				CLANG_CXX_LIBRARY = "libc++";
				CLANG_ENABLE_MODULES = YES;
				CLANG_ENABLE_OBJC_ARC = YES;
				CLANG_WARN_BOOL_CONVERSION = YES;
				CLANG_WARN_CONSTANT_CONVERSION = YES;
				CLANG_WARN_DIRECT_OBJC_ISA_USAGE = YES_ERROR;
				CLANG_WARN_EMPTY_BODY = YES;
				CLANG_WARN_ENUM_CONVERSION = YES;
				CLANG_WARN_INT_CONVERSION = YES;
				CLANG_WARN_OBJC_ROOT_CLASS = YES_ERROR;
				CLANG_WARN__DUPLICATE_METHOD_MATCH = YES;
				"CODE_SIGN_IDENTITY[sdk=iphoneos*]" = "iPhone Developer";
				COPY_PHASE_STRIP = NO;
				GCC_C_LANGUAGE_STANDARD = gnu99;
				GCC_DYNAMIC_NO_PIC = NO;
				GCC_OPTIMIZATION_LEVEL = 0;
				GCC_PREPROCESSOR_DEFINITIONS = (
					"DEBUG=1",
					"$(inherited)",
				);
				GCC_SYMBOLS_PRIVATE_EXTERN = NO;
				GCC_WARN_64_TO_32_BIT_CONVERSION = YES;
				GCC_WARN_ABOUT_RETURN_TYPE = YES_ERROR;
				GCC_WARN_UNDECLARED_SELECTOR = YES;
				GCC_WARN_UNINITIALIZED_AUTOS = YES_AGGRESSIVE;
				GCC_WARN_UNUSED_FUNCTION = YES;
				GCC_WARN_UNUSED_VARIABLE = YES;
				IPHONEOS_DEPLOYMENT_TARGET = 7.1;
				ONLY_ACTIVE_ARCH = YES;
				SDKROOT = iphoneos;
			};
			name = Debug;
		};
		D2426BEA194AD97B00CB7AA5 /* Release */ = {
			isa = XCBuildConfiguration;
			buildSettings = {
				ALWAYS_SEARCH_USER_PATHS = NO;
				CLANG_CXX_LANGUAGE_STANDARD = "gnu++0x";
				CLANG_CXX_LIBRARY = "libc++";
				CLANG_ENABLE_MODULES = YES;
				CLANG_ENABLE_OBJC_ARC = YES;
				CLANG_WARN_BOOL_CONVERSION = YES;
				CLANG_WARN_CONSTANT_CONVERSION = YES;
				CLANG_WARN_DIRECT_OBJC_ISA_USAGE = YES_ERROR;
				CLANG_WARN_EMPTY_BODY = YES;
				CLANG_WARN_ENUM_CONVERSION = YES;
				CLANG_WARN_INT_CONVERSION = YES;
				CLANG_WARN_OBJC_ROOT_CLASS = YES_ERROR;
				CLANG_WARN__DUPLICATE_METHOD_MATCH = YES;
				"CODE_SIGN_IDENTITY[sdk=iphoneos*]" = "iPhone Developer";
				COPY_PHASE_STRIP = YES;
				ENABLE_NS_ASSERTIONS = NO;
				GCC_C_LANGUAGE_STANDARD = gnu99;
				GCC_WARN_64_TO_32_BIT_CONVERSION = YES;
				GCC_WARN_ABOUT_RETURN_TYPE = YES_ERROR;
				GCC_WARN_UNDECLARED_SELECTOR = YES;
				GCC_WARN_UNINITIALIZED_AUTOS = YES_AGGRESSIVE;
				GCC_WARN_UNUSED_FUNCTION = YES;
				GCC_WARN_UNUSED_VARIABLE = YES;
				IPHONEOS_DEPLOYMENT_TARGET = 7.1;
				SDKROOT = iphoneos;
				VALIDATE_PRODUCT = YES;
			};
			name = Release;
		};
		D2426BEC194AD97B00CB7AA5 /* Debug */ = {
			isa = XCBuildConfiguration;
			buildSettings = {
				ASSETCATALOG_COMPILER_APPICON_NAME = AppIcon;
				ASSETCATALOG_COMPILER_LAUNCHIMAGE_NAME = LaunchImage;
				GCC_PRECOMPILE_PREFIX_HEADER = YES;
				GCC_PREFIX_HEADER = "PNTest/PNTest-Prefix.pch";
				INFOPLIST_FILE = "PNTest/PNTest-Info.plist";
				PRODUCT_NAME = "$(TARGET_NAME)";
				WRAPPER_EXTENSION = app;
			};
			name = Debug;
		};
		D2426BED194AD97B00CB7AA5 /* Release */ = {
			isa = XCBuildConfiguration;
			buildSettings = {
				ASSETCATALOG_COMPILER_APPICON_NAME = AppIcon;
				ASSETCATALOG_COMPILER_LAUNCHIMAGE_NAME = LaunchImage;
				GCC_PRECOMPILE_PREFIX_HEADER = YES;
				GCC_PREFIX_HEADER = "PNTest/PNTest-Prefix.pch";
				INFOPLIST_FILE = "PNTest/PNTest-Info.plist";
				PRODUCT_NAME = "$(TARGET_NAME)";
				WRAPPER_EXTENSION = app;
			};
			name = Release;
		};
		D2426BEF194AD97B00CB7AA5 /* Debug */ = {
			isa = XCBuildConfiguration;
			buildSettings = {
				BUNDLE_LOADER = "$(BUILT_PRODUCTS_DIR)/PNTest.app/PNTest";
				FRAMEWORK_SEARCH_PATHS = (
					"$(SDKROOT)/Developer/Library/Frameworks",
					"$(inherited)",
					"$(DEVELOPER_FRAMEWORKS_DIR)",
				);
				GCC_PRECOMPILE_PREFIX_HEADER = YES;
				GCC_PREFIX_HEADER = "PNTest/PNTest-Prefix.pch";
				GCC_PREPROCESSOR_DEFINITIONS = (
					"DEBUG=1",
					"$(inherited)",
				);
				INFOPLIST_FILE = "PNTestTests/PNTestTests-Info.plist";
				PRODUCT_NAME = "$(TARGET_NAME)";
				TEST_HOST = "$(BUNDLE_LOADER)";
				WRAPPER_EXTENSION = xctest;
			};
			name = Debug;
		};
		D2426BF0194AD97B00CB7AA5 /* Release */ = {
			isa = XCBuildConfiguration;
			buildSettings = {
				BUNDLE_LOADER = "$(BUILT_PRODUCTS_DIR)/PNTest.app/PNTest";
				FRAMEWORK_SEARCH_PATHS = (
					"$(SDKROOT)/Developer/Library/Frameworks",
					"$(inherited)",
					"$(DEVELOPER_FRAMEWORKS_DIR)",
				);
				GCC_PRECOMPILE_PREFIX_HEADER = YES;
				GCC_PREFIX_HEADER = "PNTest/PNTest-Prefix.pch";
				INFOPLIST_FILE = "PNTestTests/PNTestTests-Info.plist";
				PRODUCT_NAME = "$(TARGET_NAME)";
				TEST_HOST = "$(BUNDLE_LOADER)";
				WRAPPER_EXTENSION = xctest;
			};
			name = Release;
		};
/* End XCBuildConfiguration section */

/* Begin XCConfigurationList section */
		D2426BB4194AD97B00CB7AA5 /* Build configuration list for PBXProject "PNTest" */ = {
			isa = XCConfigurationList;
			buildConfigurations = (
				D2426BE9194AD97B00CB7AA5 /* Debug */,
				D2426BEA194AD97B00CB7AA5 /* Release */,
			);
			defaultConfigurationIsVisible = 0;
			defaultConfigurationName = Release;
		};
		D2426BEB194AD97B00CB7AA5 /* Build configuration list for PBXNativeTarget "PNTest" */ = {
			isa = XCConfigurationList;
			buildConfigurations = (
				D2426BEC194AD97B00CB7AA5 /* Debug */,
				D2426BED194AD97B00CB7AA5 /* Release */,
			);
			defaultConfigurationIsVisible = 0;
		};
		D2426BEE194AD97B00CB7AA5 /* Build configuration list for PBXNativeTarget "PNTestTests" */ = {
			isa = XCConfigurationList;
			buildConfigurations = (
				D2426BEF194AD97B00CB7AA5 /* Debug */,
				D2426BF0194AD97B00CB7AA5 /* Release */,
			);
			defaultConfigurationIsVisible = 0;
		};
/* End XCConfigurationList section */
	};
	rootObject = D2426BB1194AD97B00CB7AA5 /* Project object */;
}
